
Microsoft Visual Studio Solution File, Format Version 12.00
# Visual Studio Version 16
VisualStudioVersion = 16.0.30804.86
MinimumVisualStudioVersion = 10.0.40219.1
Project("{FAE04EC0-301F-11D3-BF4B-00C04F79EFBC}") = "ClassMetotDemo", "HW1\ClassMetotDemo.csproj", "{E41CB1C3-C596-4BEE-A68E-C987E8600AFD}"
EndProject
Global
	GlobalSection(SolutionConfigurationPlatforms) = preSolution
		Debug|Any CPU = Debug|Any CPU
		Release|Any CPU = Release|Any CPU
	EndGlobalSection
	GlobalSection(ProjectConfigurationPlatforms) = postSolution
		{E41CB1C3-C596-4BEE-A68E-C987E8600AFD}.Debug|Any CPU.ActiveCfg = Debug|Any CPU
		{E41CB1C3-C596-4BEE-A68E-C987E8600AFD}.Debug|Any CPU.Build.0 = Debug|Any CPU
		{E41CB1C3-C596-4BEE-A68E-C987E8600AFD}.Release|Any CPU.ActiveCfg = Release|Any CPU
		{E41CB1C3-C596-4BEE-A68E-C987E8600AFD}.Release|Any CPU.Build.0 = Release|Any CPU
	EndGlobalSection
	GlobalSection(SolutionProperties) = preSolution
		HideSolutionNode = FALSE
	EndGlobalSection
	GlobalSection(ExtensibilityGlobals) = postSolution
		SolutionGuid = {F9F8FACE-16AC-478B-AF4A-80A58FAA3FB3}
	EndGlobalSection
EndGlobal
